
Microsoft Visual Studio Solution File, Format Version 12.00
# Visual Studio Version 16
VisualStudioVersion = 16.0.31729.503
MinimumVisualStudioVersion = 10.0.40219.1
Project("{9A19103F-16F7-4668-BE54-9A1E7A4F7556}") = "Steam", "Steam\Steam.csproj", "{AD645F24-8018-4C86-B118-BC3B2A97A582}"
EndProject
Global
	GlobalSection(SolutionConfigurationPlatforms) = preSolution
		Debug|Any CPU = Debug|Any CPU
		Release|Any CPU = Release|Any CPU
	EndGlobalSection
	GlobalSection(ProjectConfigurationPlatforms) = postSolution
		{AD645F24-8018-4C86-B118-BC3B2A97A582}.Debug|Any CPU.ActiveCfg = Debug|Any CPU
		{AD645F24-8018-4C86-B118-BC3B2A97A582}.Debug|Any CPU.Build.0 = Debug|Any CPU
		{AD645F24-8018-4C86-B118-BC3B2A97A582}.Release|Any CPU.ActiveCfg = Release|Any CPU
		{AD645F24-8018-4C86-B118-BC3B2A97A582}.Release|Any CPU.Build.0 = Release|Any CPU
	EndGlobalSection
	GlobalSection(SolutionProperties) = preSolution
		HideSolutionNode = FALSE
	EndGlobalSection
	GlobalSection(ExtensibilityGlobals) = postSolution
		SolutionGuid = {76918993-8CF0-49EE-B9D2-BE208A07B8E9}
	EndGlobalSection
EndGlobal
